version: 1.2.3
dependencies:
  - name: argo-cd
    repository: https://argoproj.github.io/argo-helm
    version: 9.3.4
  - name: cert-manager
    repository: https://charts.jetstack.io
    version: v1.19.4
  - name: external-dns
    repository: https://kubernetes-sigs.github.io/external-dns/
    version: 1.20.0
  - name: ingress-nginx
    repository: https://kubernetes.github.io/ingress-nginx
    version: 4.14.3
digest: sha256:0af1e9b765ff2d0a69fa86a46834ae06e4fbcaf23f3767c247adfc40920fd0ca
generated: "2026-03-21T10:07:12.806445204Z"
